
Microsoft Visual Studio Solution File, Format Version 12.00
# Visual Studio Version 17
VisualStudioVersion = 17.4.33205.214
MinimumVisualStudioVersion = 10.0.40219.1
Project("{FAE04EC0-301F-11D3-BF4B-00C04F79EFBC}") = "CineVizyon.MVC", "CineVizyon.MVC\CineVizyon.MVC.csproj", "{20307AAD-B6E3-43B0-84BC-F666DDA6878E}"
EndProject
Global
	GlobalSection(SolutionConfigurationPlatforms) = preSolution
		Debug|Any CPU = Debug|Any CPU
		Release|Any CPU = Release|Any CPU
	EndGlobalSection
	GlobalSection(ProjectConfigurationPlatforms) = postSolution
		{20307AAD-B6E3-43B0-84BC-F666DDA6878E}.Debug|Any CPU.ActiveCfg = Debug|Any CPU
		{20307AAD-B6E3-43B0-84BC-F666DDA6878E}.Debug|Any CPU.Build.0 = Debug|Any CPU
		{20307AAD-B6E3-43B0-84BC-F666DDA6878E}.Release|Any CPU.ActiveCfg = Release|Any CPU
		{20307AAD-B6E3-43B0-84BC-F666DDA6878E}.Release|Any CPU.Build.0 = Release|Any CPU
	EndGlobalSection
	GlobalSection(SolutionProperties) = preSolution
		HideSolutionNode = FALSE
	EndGlobalSection
	GlobalSection(ExtensibilityGlobals) = postSolution
		SolutionGuid = {7B94EFB8-D4D0-41D3-AF07-788621393229}
	EndGlobalSection
EndGlobal
